PODS:
  - FBSnapshotTestCase (2.1.4):
    - FBSnapshotTestCase/SwiftSupport (= 2.1.4)
  - FBSnapshotTestCase/Core (2.1.4)
  - FBSnapshotTestCase/SwiftSupport (2.1.4):
    - FBSnapshotTestCase/Core
  - LSSWarToAmr (0.1.1)

DEPENDENCIES:
  - FBSnapshotTestCase
  - LSSWarToAmr (from `../`)

SPEC REPOS:
  trunk:
    - FBSnapshotTestCase

EXTERNAL SOURCES:
  LSSWarToAmr:
    :path: "../"

SPEC CHECKSUMS:
  FBSnapshotTestCase: 094f9f314decbabe373b87cc339bea235a63e07a
  LSSWarToAmr: a994198deea9a70786dd1a4e9c091f12453589ad

PODFILE CHECKSUM: ed7c0763f37b969740fe7791a5c7349e0b147d9d

COCOAPODS: 1.9.3
