// !$*UTF8*$!
{
	archiveVersion = 1;
	classes = {
	};
	objectVersion = 50;
	objects = {

/* Begin PBXBuildFile section */
		96BB7EB324B59A3900F7E3EA /* AppDelegate.m in Sources */ = {isa = PBXBuildFile; fileRef = 96BB7EB224B59A3900F7E3EA /* AppDelegate.m */; };
		96BB7EB624B59A3900F7E3EA /* SceneDelegate.m in Sources */ = {isa = PBXBuildFile; fileRef = 96BB7EB524B59A3900F7E3EA /* SceneDelegate.m */; };
		96BB7EB924B59A3900F7E3EA /* ViewController.m in Sources */ = {isa = PBXBuildFile; fileRef = 96BB7EB824B59A3900F7E3EA /* ViewController.m */; };
		96BB7EBC24B59A3900F7E3EA /* Main.storyboard in Resources */ = {isa = PBXBuildFile; fileRef = 96BB7EBA24B59A3900F7E3EA /* Main.storyboard */; };
		96BB7EBE24B59A3E00F7E3EA /* Assets.xcassets in Resources */ = {isa = PBXBuildFile; fileRef = 96BB7EBD24B59A3E00F7E3EA /* Assets.xcassets */; };
		96BB7EC124B59A3E00F7E3EA /* LaunchScreen.storyboard in Resources */ = {isa = PBXBuildFile; fileRef = 96BB7EBF24B59A3E00F7E3EA /* LaunchScreen.storyboard */; };
		96BB7EC424B59A3E00F7E3EA /* main.m in Sources */ = {isa = PBXBuildFile; fileRef = 96BB7EC324B59A3E00F7E3EA /* main.m */; };
		96BB7ED424B59A4B00F7E3EA /* wav_amr.mm in Sources */ = {isa = PBXBuildFile; fileRef = 96BB7ECD24B59A4B00F7E3EA /* wav_amr.mm */; };
		96BB7ED524B59A4B00F7E3EA /* libopencore-amrnb.a in Frameworks */ = {isa = PBXBuildFile; fileRef = 96BB7ECE24B59A4B00F7E3EA /* libopencore-amrnb.a */; };
		96BB7ED624B59A4B00F7E3EA /* wavwriter.mm in Sources */ = {isa = PBXBuildFile; fileRef = 96BB7ED224B59A4B00F7E3EA /* wavwriter.mm */; };
		96BB7ED724B59A4B00F7E3EA /* wavreader.c in Sources */ = {isa = PBXBuildFile; fileRef = 96BB7ED324B59A4B00F7E3EA /* wavreader.c */; };
/* End PBXBuildFile section */

/* Begin PBXFileReference section */
		96BB7EAE24B59A3900F7E3EA /* LSSAmrtoWav.app */ = {isa = PBXFileReference; explicitFileType = wrapper.application; includeInIndex = 0; path = LSSAmrtoWav.app; sourceTree = BUILT_PRODUCTS_DIR; };
		96BB7EB124B59A3900F7E3EA /* AppDelegate.h */ = {isa = PBXFileReference; lastKnownFileType = sourcecode.c.h; path = AppDelegate.h; sourceTree = "<group>"; };
		96BB7EB224B59A3900F7E3EA /* AppDelegate.m */ = {isa = PBXFileReference; lastKnownFileType = sourcecode.c.objc; path = AppDelegate.m; sourceTree = "<group>"; };
		96BB7EB424B59A3900F7E3EA /* SceneDelegate.h */ = {isa = PBXFileReference; lastKnownFileType = sourcecode.c.h; path = SceneDelegate.h; sourceTree = "<group>"; };
		96BB7EB524B59A3900F7E3EA /* SceneDelegate.m */ = {isa = PBXFileReference; lastKnownFileType = sourcecode.c.objc; path = SceneDelegate.m; sourceTree = "<group>"; };
		96BB7EB724B59A3900F7E3EA /* ViewController.h */ = {isa = PBXFileReference; lastKnownFileType = sourcecode.c.h; path = ViewController.h; sourceTree = "<group>"; };
		96BB7EB824B59A3900F7E3EA /* ViewController.m */ = {isa = PBXFileReference; lastKnownFileType = sourcecode.c.objc; path = ViewController.m; sourceTree = "<group>"; };
		96BB7EBB24B59A3900F7E3EA /* Base */ = {isa = PBXFileReference; lastKnownFileType = file.storyboard; name = Base; path = Base.lproj/Main.storyboard; sourceTree = "<group>"; };
		96BB7EBD24B59A3E00F7E3EA /* Assets.xcassets */ = {isa = PBXFileReference; lastKnownFileType = folder.assetcatalog; path = Assets.xcassets; sourceTree = "<group>"; };
		96BB7EC024B59A3E00F7E3EA /* Base */ = {isa = PBXFileReference; lastKnownFileType = file.storyboard; name = Base; path = Base.lproj/LaunchScreen.storyboard; sourceTree = "<group>"; };
		96BB7EC224B59A3E00F7E3EA /* Info.plist */ = {isa = PBXFileReference; lastKnownFileType = text.plist.xml; path = Info.plist; sourceTree = "<group>"; };
		96BB7EC324B59A3E00F7E3EA /* main.m */ = {isa = PBXFileReference; lastKnownFileType = sourcecode.c.objc; path = main.m; sourceTree = "<group>"; };
		96BB7ECB24B59A4B00F7E3EA /* interf_dec.h */ = {isa = PBXFileReference; fileEncoding = 4; lastKnownFileType = sourcecode.c.h; path = interf_dec.h; sourceTree = "<group>"; };
		96BB7ECC24B59A4B00F7E3EA /* wavreader.h */ = {isa = PBXFileReference; fileEncoding = 4; lastKnownFileType = sourcecode.c.h; path = wavreader.h; sourceTree = "<group>"; };
		96BB7ECD24B59A4B00F7E3EA /* wav_amr.mm */ = {isa = PBXFileReference; fileEncoding = 4; lastKnownFileType = sourcecode.cpp.objcpp; path = wav_amr.mm; sourceTree = "<group>"; };
		96BB7ECE24B59A4B00F7E3EA /* libopencore-amrnb.a */ = {isa = PBXFileReference; lastKnownFileType = archive.ar; path = "libopencore-amrnb.a"; sourceTree = "<group>"; };
		96BB7ECF24B59A4B00F7E3EA /* interf_enc.h */ = {isa = PBXFileReference; fileEncoding = 4; lastKnownFileType = sourcecode.c.h; path = interf_enc.h; sourceTree = "<group>"; };
		96BB7ED024B59A4B00F7E3EA /* wavwriter.h */ = {isa = PBXFileReference; fileEncoding = 4; lastKnownFileType = sourcecode.c.h; path = wavwriter.h; sourceTree = "<group>"; };
		96BB7ED124B59A4B00F7E3EA /* wav_amr.h */ = {isa = PBXFileReference; fileEncoding = 4; lastKnownFileType = sourcecode.c.h; path = wav_amr.h; sourceTree = "<group>"; };
		96BB7ED224B59A4B00F7E3EA /* wavwriter.mm */ = {isa = PBXFileReference; fileEncoding = 4; lastKnownFileType = sourcecode.cpp.objcpp; path = wavwriter.mm; sourceTree = "<group>"; };
		96BB7ED324B59A4B00F7E3EA /* wavreader.c */ = {isa = PBXFileReference; fileEncoding = 4; lastKnownFileType = sourcecode.c.c; path = wavreader.c; sourceTree = "<group>"; };
/* End PBXFileReference section */

/* Begin PBXFrameworksBuildPhase section */
		96BB7EAB24B59A3900F7E3EA /* Frameworks */ = {
			isa = PBXFrameworksBuildPhase;
			buildActionMask = 2147483647;
			files = (
				96BB7ED524B59A4B00F7E3EA /* libopencore-amrnb.a in Frameworks */,
			);
			runOnlyForDeploymentPostprocessing = 0;
		};
/* End PBXFrameworksBuildPhase section */

/* Begin PBXGroup section */
		96BB7EA524B59A3900F7E3EA = {
			isa = PBXGroup;
			children = (
				96BB7EB024B59A3900F7E3EA /* LSSAmrtoWav */,
				96BB7EAF24B59A3900F7E3EA /* Products */,
			);
			sourceTree = "<group>";
		};
		96BB7EAF24B59A3900F7E3EA /* Products */ = {
			isa = PBXGroup;
			children = (
				96BB7EAE24B59A3900F7E3EA /* LSSAmrtoWav.app */,
			);
			name = Products;
			sourceTree = "<group>";
		};
		96BB7EB024B59A3900F7E3EA /* LSSAmrtoWav */ = {
			isa = PBXGroup;
			children = (
				96BB7ECA24B59A4B00F7E3EA /* amr */,
				96BB7EB124B59A3900F7E3EA /* AppDelegate.h */,
				96BB7EB224B59A3900F7E3EA /* AppDelegate.m */,
				96BB7EB424B59A3900F7E3EA /* SceneDelegate.h */,
				96BB7EB524B59A3900F7E3EA /* SceneDelegate.m */,
				96BB7EB724B59A3900F7E3EA /* ViewController.h */,
				96BB7EB824B59A3900F7E3EA /* ViewController.m */,
				96BB7EBA24B59A3900F7E3EA /* Main.storyboard */,
				96BB7EBD24B59A3E00F7E3EA /* Assets.xcassets */,
				96BB7EBF24B59A3E00F7E3EA /* LaunchScreen.storyboard */,
				96BB7EC224B59A3E00F7E3EA /* Info.plist */,
				96BB7EC324B59A3E00F7E3EA /* main.m */,
			);
			path = LSSAmrtoWav;
			sourceTree = "<group>";
		};
		96BB7ECA24B59A4B00F7E3EA /* amr */ = {
			isa = PBXGroup;
			children = (
				96BB7ECB24B59A4B00F7E3EA /* interf_dec.h */,
				96BB7ECC24B59A4B00F7E3EA /* wavreader.h */,
				96BB7ECD24B59A4B00F7E3EA /* wav_amr.mm */,
				96BB7ECE24B59A4B00F7E3EA /* libopencore-amrnb.a */,
				96BB7ECF24B59A4B00F7E3EA /* interf_enc.h */,
				96BB7ED024B59A4B00F7E3EA /* wavwriter.h */,
				96BB7ED124B59A4B00F7E3EA /* wav_amr.h */,
				96BB7ED224B59A4B00F7E3EA /* wavwriter.mm */,
				96BB7ED324B59A4B00F7E3EA /* wavreader.c */,
			);
			path = amr;
			sourceTree = "<group>";
		};
/* End PBXGroup section */

/* Begin PBXNativeTarget section */
		96BB7EAD24B59A3900F7E3EA /* LSSAmrtoWav */ = {
			isa = PBXNativeTarget;
			buildConfigurationList = 96BB7EC724B59A3E00F7E3EA /* Build configuration list for PBXNativeTarget "LSSAmrtoWav" */;
			buildPhases = (
				96BB7EAA24B59A3900F7E3EA /* Sources */,
				96BB7EAB24B59A3900F7E3EA /* Frameworks */,
				96BB7EAC24B59A3900F7E3EA /* Resources */,
			);
			buildRules = (
			);
			dependencies = (
			);
			name = LSSAmrtoWav;
			productName = LSSAmrtoWav;
			productReference = 96BB7EAE24B59A3900F7E3EA /* LSSAmrtoWav.app */;
			productType = "com.apple.product-type.application";
		};
/* End PBXNativeTarget section */

/* Begin PBXProject section */
		96BB7EA624B59A3900F7E3EA /* Project object */ = {
			isa = PBXProject;
			attributes = {
				LastUpgradeCheck = 1150;
				ORGANIZATIONNAME = "Lu Shanshan";
				TargetAttributes = {
					96BB7EAD24B59A3900F7E3EA = {
						CreatedOnToolsVersion = 11.5;
					};
				};
			};
			buildConfigurationList = 96BB7EA924B59A3900F7E3EA /* Build configuration list for PBXProject "LSSAmrtoWav" */;
			compatibilityVersion = "Xcode 9.3";
			developmentRegion = en;
			hasScannedForEncodings = 0;
			knownRegions = (
				en,
				Base,
			);
			mainGroup = 96BB7EA524B59A3900F7E3EA;
			productRefGroup = 96BB7EAF24B59A3900F7E3EA /* Products */;
			projectDirPath = "";
			projectRoot = "";
			targets = (
				96BB7EAD24B59A3900F7E3EA /* LSSAmrtoWav */,
			);
		};
/* End PBXProject section */

/* Begin PBXResourcesBuildPhase section */
		96BB7EAC24B59A3900F7E3EA /* Resources */ = {
			isa = PBXResourcesBuildPhase;
			buildActionMask = 2147483647;
			files = (
				96BB7EC124B59A3E00F7E3EA /* LaunchScreen.storyboard in Resources */,
				96BB7EBE24B59A3E00F7E3EA /* Assets.xcassets in Resources */,
				96BB7EBC24B59A3900F7E3EA /* Main.storyboard in Resources */,
			);
			runOnlyForDeploymentPostprocessing = 0;
		};
/* End PBXResourcesBuildPhase section */

/* Begin PBXSourcesBuildPhase section */
		96BB7EAA24B59A3900F7E3EA /* Sources */ = {
			isa = PBXSourcesBuildPhase;
			buildActionMask = 2147483647;
			files = (
				96BB7EB924B59A3900F7E3EA /* ViewController.m in Sources */,
				96BB7EB324B59A3900F7E3EA /* AppDelegate.m in Sources */,
				96BB7ED724B59A4B00F7E3EA /* wavreader.c in Sources */,
				96BB7EC424B59A3E00F7E3EA /* main.m in Sources */,
				96BB7ED624B59A4B00F7E3EA /* wavwriter.mm in Sources */,
				96BB7ED424B59A4B00F7E3EA /* wav_amr.mm in Sources */,
				96BB7EB624B59A3900F7E3EA /* SceneDelegate.m in Sources */,
			);
			runOnlyForDeploymentPostprocessing = 0;
		};
/* End PBXSourcesBuildPhase section */

/* Begin PBXVariantGroup section */
		96BB7EBA24B59A3900F7E3EA /* Main.storyboard */ = {
			isa = PBXVariantGroup;
			children = (
				96BB7EBB24B59A3900F7E3EA /* Base */,
			);
			name = Main.storyboard;
			sourceTree = "<group>";
		};
		96BB7EBF24B59A3E00F7E3EA /* LaunchScreen.storyboard */ = {
			isa = PBXVariantGroup;
			children = (
				96BB7EC024B59A3E00F7E3EA /* Base */,
			);
			name = LaunchScreen.storyboard;
			sourceTree = "<group>";
		};
/* End PBXVariantGroup section */

/* Begin XCBuildConfiguration section */
		96BB7EC524B59A3E00F7E3EA /* Debug */ = {
			isa = XCBuildConfiguration;
			buildSettings = {
				ALWAYS_SEARCH_USER_PATHS = NO;
				CLANG_ANALYZER_NONNULL = YES;
				CLANG_ANALYZER_NUMBER_OBJECT_CONVERSION = YES_AGGRESSIVE;
				CLANG_CXX_LANGUAGE_STANDARD = "gnu++14";
				CLANG_CXX_LIBRARY = "libc++";
				CLANG_ENABLE_MODULES = YES;
				CLANG_ENABLE_OBJC_ARC = YES;
				CLANG_ENABLE_OBJC_WEAK = YES;
				CLANG_WARN_BLOCK_CAPTURE_AUTORELEASING = YES;
				CLANG_WARN_BOOL_CONVERSION = YES;
				CLANG_WARN_COMMA = YES;
				CLANG_WARN_CONSTANT_CONVERSION = YES;
				CLANG_WARN_DEPRECATED_OBJC_IMPLEMENTATIONS = YES;
				CLANG_WARN_DIRECT_OBJC_ISA_USAGE = YES_ERROR;
				CLANG_WARN_DOCUMENTATION_COMMENTS = YES;
				CLANG_WARN_EMPTY_BODY = YES;
				CLANG_WARN_ENUM_CONVERSION = YES;
				CLANG_WARN_INFINITE_RECURSION = YES;
				CLANG_WARN_INT_CONVERSION = YES;
				CLANG_WARN_NON_LITERAL_NULL_CONVERSION = YES;
				CLANG_WARN_OBJC_IMPLICIT_RETAIN_SELF = YES;
				CLANG_WARN_OBJC_LITERAL_CONVERSION = YES;
				CLANG_WARN_OBJC_ROOT_CLASS = YES_ERROR;
				CLANG_WARN_RANGE_LOOP_ANALYSIS = YES;
				CLANG_WARN_STRICT_PROTOTYPES = YES;
				CLANG_WARN_SUSPICIOUS_MOVE = YES;
				CLANG_WARN_UNGUARDED_AVAILABILITY = YES_AGGRESSIVE;
				CLANG_WARN_UNREACHABLE_CODE = YES;
				CLANG_WARN__DUPLICATE_METHOD_MATCH = YES;
				COPY_PHASE_STRIP = NO;
				DEBUG_INFORMATION_FORMAT = dwarf;
				ENABLE_STRICT_OBJC_MSGSEND = YES;
				ENABLE_TESTABILITY = YES;
				GCC_C_LANGUAGE_STANDARD = gnu11;
				GCC_DYNAMIC_NO_PIC = NO;
				GCC_NO_COMMON_BLOCKS = YES;
				GCC_OPTIMIZATION_LEVEL = 0;
				GCC_PREPROCESSOR_DEFINITIONS = (
					"DEBUG=1",
					"$(inherited)",
				);
				GCC_WARN_64_TO_32_BIT_CONVERSION = YES;
				GCC_WARN_ABOUT_RETURN_TYPE = YES_ERROR;
				GCC_WARN_UNDECLARED_SELECTOR = YES;
				GCC_WARN_UNINITIALIZED_AUTOS = YES_AGGRESSIVE;
				GCC_WARN_UNUSED_FUNCTION = YES;
				GCC_WARN_UNUSED_VARIABLE = YES;
				IPHONEOS_DEPLOYMENT_TARGET = 13.5;
				MTL_ENABLE_DEBUG_INFO = INCLUDE_SOURCE;
				MTL_FAST_MATH = YES;
				ONLY_ACTIVE_ARCH = YES;
				SDKROOT = iphoneos;
			};
			name = Debug;
		};
		96BB7EC624B59A3E00F7E3EA /* Release */ = {
			isa = XCBuildConfiguration;
			buildSettings = {
				ALWAYS_SEARCH_USER_PATHS = NO;
				CLANG_ANALYZER_NONNULL = YES;
				CLANG_ANALYZER_NUMBER_OBJECT_CONVERSION = YES_AGGRESSIVE;
				CLANG_CXX_LANGUAGE_STANDARD = "gnu++14";
				CLANG_CXX_LIBRARY = "libc++";
				CLANG_ENABLE_MODULES = YES;
				CLANG_ENABLE_OBJC_ARC = YES;
				CLANG_ENABLE_OBJC_WEAK = YES;
				CLANG_WARN_BLOCK_CAPTURE_AUTORELEASING = YES;
				CLANG_WARN_BOOL_CONVERSION = YES;
				CLANG_WARN_COMMA = YES;
				CLANG_WARN_CONSTANT_CONVERSION = YES;
				CLANG_WARN_DEPRECATED_OBJC_IMPLEMENTATIONS = YES;
				CLANG_WARN_DIRECT_OBJC_ISA_USAGE = YES_ERROR;
				CLANG_WARN_DOCUMENTATION_COMMENTS = YES;
				CLANG_WARN_EMPTY_BODY = YES;
				CLANG_WARN_ENUM_CONVERSION = YES;
				CLANG_WARN_INFINITE_RECURSION = YES;
				CLANG_WARN_INT_CONVERSION = YES;
				CLANG_WARN_NON_LITERAL_NULL_CONVERSION = YES;
				CLANG_WARN_OBJC_IMPLICIT_RETAIN_SELF = YES;
				CLANG_WARN_OBJC_LITERAL_CONVERSION = YES;
				CLANG_WARN_OBJC_ROOT_CLASS = YES_ERROR;
				CLANG_WARN_RANGE_LOOP_ANALYSIS = YES;
				CLANG_WARN_STRICT_PROTOTYPES = YES;
				CLANG_WARN_SUSPICIOUS_MOVE = YES;
				CLANG_WARN_UNGUARDED_AVAILABILITY = YES_AGGRESSIVE;
				CLANG_WARN_UNREACHABLE_CODE = YES;
				CLANG_WARN__DUPLICATE_METHOD_MATCH = YES;
				COPY_PHASE_STRIP = NO;
				DEBUG_INFORMATION_FORMAT = "dwarf-with-dsym";
				ENABLE_NS_ASSERTIONS = NO;
				ENABLE_STRICT_OBJC_MSGSEND = YES;
				GCC_C_LANGUAGE_STANDARD = gnu11;
				GCC_NO_COMMON_BLOCKS = YES;
				GCC_WARN_64_TO_32_BIT_CONVERSION = YES;
				GCC_WARN_ABOUT_RETURN_TYPE = YES_ERROR;
				GCC_WARN_UNDECLARED_SELECTOR = YES;
				GCC_WARN_UNINITIALIZED_AUTOS = YES_AGGRESSIVE;
				GCC_WARN_UNUSED_FUNCTION = YES;
				GCC_WARN_UNUSED_VARIABLE = YES;
				IPHONEOS_DEPLOYMENT_TARGET = 13.5;
				MTL_ENABLE_DEBUG_INFO = NO;
				MTL_FAST_MATH = YES;
				SDKROOT = iphoneos;
				VALIDATE_PRODUCT = YES;
			};
			name = Release;
		};
		96BB7EC824B59A3E00F7E3EA /* Debug */ = {
			isa = XCBuildConfiguration;
			buildSettings = {
				ASSETCATALOG_COMPILER_APPICON_NAME = AppIcon;
				CODE_SIGN_STYLE = Automatic;
				DEVELOPMENT_TEAM = 63866TDR6U;
				INFOPLIST_FILE = LSSAmrtoWav/Info.plist;
				LD_RUNPATH_SEARCH_PATHS = (
					"$(inherited)",
					"@executable_path/Frameworks",
				);
				LIBRARY_SEARCH_PATHS = (
					"$(inherited)",
					"$(PROJECT_DIR)/LSSAmrtoWav/amr",
				);
				PRODUCT_BUNDLE_IDENTIFIER = "Lu-Shanshan.LSSAmrtoWav";
				PRODUCT_NAME = "$(TARGET_NAME)";
				TARGETED_DEVICE_FAMILY = "1,2";
			};
			name = Debug;
		};
		96BB7EC924B59A3E00F7E3EA /* Release */ = {
			isa = XCBuildConfiguration;
			buildSettings = {
				ASSETCATALOG_COMPILER_APPICON_NAME = AppIcon;
				CODE_SIGN_STYLE = Automatic;
				DEVELOPMENT_TEAM = 63866TDR6U;
				INFOPLIST_FILE = LSSAmrtoWav/Info.plist;
				LD_RUNPATH_SEARCH_PATHS = (
					"$(inherited)",
					"@executable_path/Frameworks",
				);
				LIBRARY_SEARCH_PATHS = (
					"$(inherited)",
					"$(PROJECT_DIR)/LSSAmrtoWav/amr",
				);
				PRODUCT_BUNDLE_IDENTIFIER = "Lu-Shanshan.LSSAmrtoWav";
				PRODUCT_NAME = "$(TARGET_NAME)";
				TARGETED_DEVICE_FAMILY = "1,2";
			};
			name = Release;
		};
/* End XCBuildConfiguration section */

/* Begin XCConfigurationList section */
		96BB7EA924B59A3900F7E3EA /* Build configuration list for PBXProject "LSSAmrtoWav" */ = {
			isa = XCConfigurationList;
			buildConfigurations = (
				96BB7EC524B59A3E00F7E3EA /* Debug */,
				96BB7EC624B59A3E00F7E3EA /* Release */,
			);
			defaultConfigurationIsVisible = 0;
			defaultConfigurationName = Release;
		};
		96BB7EC724B59A3E00F7E3EA /* Build configuration list for PBXNativeTarget "LSSAmrtoWav" */ = {
			isa = XCConfigurationList;
			buildConfigurations = (
				96BB7EC824B59A3E00F7E3EA /* Debug */,
				96BB7EC924B59A3E00F7E3EA /* Release */,
			);
			defaultConfigurationIsVisible = 0;
			defaultConfigurationName = Release;
		};
/* End XCConfigurationList section */
	};
	rootObject = 96BB7EA624B59A3900F7E3EA /* Project object */;
}
